
Microsoft Visual Studio Solution File, Format Version 12.00
# Visual Studio Version 16
VisualStudioVersion = 16.0.31129.286
MinimumVisualStudioVersion = 10.0.40219.1
Project("{9A19103F-16F7-4668-BE54-9A1E7A4F7556}") = "DDD.Base", "DDD.Base\DDD.Base.csproj", "{E8116B0F-72A1-4EF8-90AC-2B4C5C44DC59}"
EndProject
Project("{9A19103F-16F7-4668-BE54-9A1E7A4F7556}") = "DDD.DataAccess", "DDD.DataAccess\DDD.DataAccess.csproj", "{666AF734-B428-4ED7-BB67-049C2300BA78}"
EndProject
Project("{9A19103F-16F7-4668-BE54-9A1E7A4F7556}") = "DDD.WebApi", "DDDWebApi\DDD.WebApi.csproj", "{CBC921B2-C630-4610-B17A-36EAF78253E8}"
EndProject
Global
	GlobalSection(SolutionConfigurationPlatforms) = preSolution
		Debug|Any CPU = Debug|Any CPU
		Release|Any CPU = Release|Any CPU
	EndGlobalSection
	GlobalSection(ProjectConfigurationPlatforms) = postSolution
		{E8116B0F-72A1-4EF8-90AC-2B4C5C44DC59}.Debug|Any CPU.ActiveCfg = Debug|Any CPU
		{E8116B0F-72A1-4EF8-90AC-2B4C5C44DC59}.Debug|Any CPU.Build.0 = Debug|Any CPU
		{E8116B0F-72A1-4EF8-90AC-2B4C5C44DC59}.Release|Any CPU.ActiveCfg = Release|Any CPU
		{E8116B0F-72A1-4EF8-90AC-2B4C5C44DC59}.Release|Any CPU.Build.0 = Release|Any CPU
		{666AF734-B428-4ED7-BB67-049C2300BA78}.Debug|Any CPU.ActiveCfg = Debug|Any CPU
		{666AF734-B428-4ED7-BB67-049C2300BA78}.Debug|Any CPU.Build.0 = Debug|Any CPU
		{666AF734-B428-4ED7-BB67-049C2300BA78}.Release|Any CPU.ActiveCfg = Release|Any CPU
		{666AF734-B428-4ED7-BB67-049C2300BA78}.Release|Any CPU.Build.0 = Release|Any CPU
		{CBC921B2-C630-4610-B17A-36EAF78253E8}.Debug|Any CPU.ActiveCfg = Debug|Any CPU
		{CBC921B2-C630-4610-B17A-36EAF78253E8}.Debug|Any CPU.Build.0 = Debug|Any CPU
		{CBC921B2-C630-4610-B17A-36EAF78253E8}.Release|Any CPU.ActiveCfg = Release|Any CPU
		{CBC921B2-C630-4610-B17A-36EAF78253E8}.Release|Any CPU.Build.0 = Release|Any CPU
	EndGlobalSection
	GlobalSection(SolutionProperties) = preSolution
		HideSolutionNode = FALSE
	EndGlobalSection
	GlobalSection(ExtensibilityGlobals) = postSolution
		SolutionGuid = {11C9C0BA-DA0A-42A3-A169-5CD7CFB6E85E}
	EndGlobalSection
EndGlobal
